
Microsoft Visual Studio Solution File, Format Version 12.00
# Visual Studio Version 17
VisualStudioVersion = 17.9.34728.123
MinimumVisualStudioVersion = 10.0.40219.1
Project("{FAE04EC0-301F-11D3-BF4B-00C04F79EFBC}") = "FinalPractica1", "FinalPractica1\FinalPractica1.csproj", "{8F202CB7-7BB0-4AEA-A57C-EB7C5D1CA850}"
EndProject
Global
	GlobalSection(SolutionConfigurationPlatforms) = preSolution
		Debug|Any CPU = Debug|Any CPU
		Release|Any CPU = Release|Any CPU
	EndGlobalSection
	GlobalSection(ProjectConfigurationPlatforms) = postSolution
		{8F202CB7-7BB0-4AEA-A57C-EB7C5D1CA850}.Debug|Any CPU.ActiveCfg = Debug|Any CPU
		{8F202CB7-7BB0-4AEA-A57C-EB7C5D1CA850}.Debug|Any CPU.Build.0 = Debug|Any CPU
		{8F202CB7-7BB0-4AEA-A57C-EB7C5D1CA850}.Release|Any CPU.ActiveCfg = Release|Any CPU
		{8F202CB7-7BB0-4AEA-A57C-EB7C5D1CA850}.Release|Any CPU.Build.0 = Release|Any CPU
	EndGlobalSection
	GlobalSection(SolutionProperties) = preSolution
		HideSolutionNode = FALSE
	EndGlobalSection
	GlobalSection(ExtensibilityGlobals) = postSolution
		SolutionGuid = {DFAF0BDB-7296-496B-8C13-844D7A665E97}
	EndGlobalSection
EndGlobal
